
Microsoft Visual Studio Solution File, Format Version 12.00
# Visual Studio Version 16
VisualStudioVersion = 16.0.30406.217
MinimumVisualStudioVersion = 10.0.40219.1
Project("{FAE04EC0-301F-11D3-BF4B-00C04F79EFBC}") = "Hangman 2", "Hangman 2\Hangman 2.csproj", "{C5796BC4-D8A5-48AB-B82F-5D06B7798815}"
EndProject
Global
	GlobalSection(SolutionConfigurationPlatforms) = preSolution
		Debug|Any CPU = Debug|Any CPU
		Release|Any CPU = Release|Any CPU
	EndGlobalSection
	GlobalSection(ProjectConfigurationPlatforms) = postSolution
		{C5796BC4-D8A5-48AB-B82F-5D06B7798815}.Debug|Any CPU.ActiveCfg = Debug|Any CPU
		{C5796BC4-D8A5-48AB-B82F-5D06B7798815}.Debug|Any CPU.Build.0 = Debug|Any CPU
		{C5796BC4-D8A5-48AB-B82F-5D06B7798815}.Release|Any CPU.ActiveCfg = Release|Any CPU
		{C5796BC4-D8A5-48AB-B82F-5D06B7798815}.Release|Any CPU.Build.0 = Release|Any CPU
	EndGlobalSection
	GlobalSection(SolutionProperties) = preSolution
		HideSolutionNode = FALSE
	EndGlobalSection
	GlobalSection(ExtensibilityGlobals) = postSolution
		SolutionGuid = {2BD7095A-5FDE-4987-8672-572F386401DB}
	EndGlobalSection
EndGlobal
